
Microsoft Visual Studio Solution File, Format Version 12.00
# Visual Studio Version 17
VisualStudioVersion = 17.14.37516.0 d17.14
MinimumVisualStudioVersion = 10.0.40219.1
Project("{8BC9CEB8-8B4A-11D0-8D11-00A0C91BC942}") = "task4", "task4\task4.vcxproj", "{7354FD65-1699-4EA8-9207-3A097280182E}"
EndProject
Global
	GlobalSection(SolutionConfigurationPlatforms) = preSolution
		Debug|x64 = Debug|x64
		Debug|x86 = Debug|x86
		Release|x64 = Release|x64
		Release|x86 = Release|x86
	EndGlobalSection
	GlobalSection(ProjectConfigurationPlatforms) = postSolution
		{7354FD65-1699-4EA8-9207-3A097280182E}.Debug|x64.ActiveCfg = Debug|x64
		{7354FD65-1699-4EA8-9207-3A097280182E}.Debug|x64.Build.0 = Debug|x64
		{7354FD65-1699-4EA8-9207-3A097280182E}.Debug|x86.ActiveCfg = Debug|Win32
		{7354FD65-1699-4EA8-9207-3A097280182E}.Debug|x86.Build.0 = Debug|Win32
		{7354FD65-1699-4EA8-9207-3A097280182E}.Release|x64.ActiveCfg = Release|x64
		{7354FD65-1699-4EA8-9207-3A097280182E}.Release|x64.Build.0 = Release|x64
		{7354FD65-1699-4EA8-9207-3A097280182E}.Release|x86.ActiveCfg = Release|Win32
		{7354FD65-1699-4EA8-9207-3A097280182E}.Release|x86.Build.0 = Release|Win32
	EndGlobalSection
	GlobalSection(SolutionProperties) = preSolution
		HideSolutionNode = FALSE
	EndGlobalSection
	GlobalSection(ExtensibilityGlobals) = postSolution
		SolutionGuid = {52461701-529A-4858-9D1E-1C69E1391CA8}
	EndGlobalSection
EndGlobal
